
Microsoft Visual Studio Solution File, Format Version 12.00
# Visual Studio Version 17
VisualStudioVersion = 17.0.31903.59
MinimumVisualStudioVersion = 10.0.40219.1
Project("{2150E333-8FDC-42A3-9474-1A3956D46DE8}") = "src", "src", "{827E0CD3-B72D-47B6-A68D-7590B98EB39B}"
EndProject
Project("{F2A71F9B-5D33-465A-A702-920D77279786}") = "AsyncSeqExtensions", "src\AsyncSeqExtensions\AsyncSeqExtensions.fsproj", "{43D9B3E1-7860-490A-A89A-062E2BF4563F}"
EndProject
Project("{F2A71F9B-5D33-465A-A702-920D77279786}") = "IRefCounting", "src\IRefCounting\IRefCounting.fsproj", "{EB968C83-E693-42EB-B0FD-8153DDAF8C41}"
EndProject
Project("{F2A71F9B-5D33-465A-A702-920D77279786}") = "Image", "src\Image\Image.fsproj", "{AE02BE89-7EFB-4D49-A7A3-66F3A88CCEAA}"
EndProject
Project("{F2A71F9B-5D33-465A-A702-920D77279786}") = "SlimPipeline", "src\SlimPipeline\SlimPipeline.fsproj", "{FAA087C5-AB15-4B68-8005-AFB237B15633}"
EndProject
Project("{F2A71F9B-5D33-465A-A702-920D77279786}") = "StackProcessing", "src\StackProcessing\StackProcessing.fsproj", "{73768C59-FB29-4A46-A6B6-F74510C8195E}"
EndProject
Project("{F2A71F9B-5D33-465A-A702-920D77279786}") = "Studio", "src\Studio\Studio.fsproj", "{6D1C3E39-1080-440F-946D-38335D4D37EF}"
EndProject
Project("{2150E333-8FDC-42A3-9474-1A3956D46DE8}") = "tests", "tests", "{0AB3BF05-4346-4AA6-1389-037BE0695223}"
EndProject
Project("{F2A71F9B-5D33-465A-A702-920D77279786}") = "Image.Tests", "tests\Image.Tests\Image.Tests.fsproj", "{35890A85-5338-483A-B6A9-0DC23300CAF0}"
EndProject
Project("{2150E333-8FDC-42A3-9474-1A3956D46DE8}") = "samples", "samples", "{5D20AA90-6969-D8BD-9DCD-8634F4692FDA}"
EndProject
Project("{F2A71F9B-5D33-465A-A702-920D77279786}") = "computeStats", "samples\computeStats\computeStats.fsproj", "{05524870-1922-44EF-9939-425CFF7FE662}"
EndProject
Project("{F2A71F9B-5D33-465A-A702-920D77279786}") = "connectedComponents", "samples\connectedComponents\connectedComponents.fsproj", "{074B391C-6AFC-4DDE-9352-3F44302F2552}"
EndProject
Project("{F2A71F9B-5D33-465A-A702-920D77279786}") = "convolve3d", "samples\convolve3d\convolve3d.fsproj", "{AC6517AD-1C02-4C18-8CA0-FDE3E31A402D}"
EndProject
Project("{F2A71F9B-5D33-465A-A702-920D77279786}") = "copy", "samples\copy\copy.fsproj", "{DDDD1199-1507-4D06-AA1D-02633ED57487}"
EndProject
Project("{F2A71F9B-5D33-465A-A702-920D77279786}") = "createByEuler2DTransform", "samples\createByEuler2DTransform\createByEuler2DTransform.fsproj", "{1D428309-66ED-41BF-AF1D-0316B7419113}"
EndProject
Project("{F2A71F9B-5D33-465A-A702-920D77279786}") = "empty", "samples\empty\empty.fsproj", "{34027F2F-7EDF-4171-84A9-2A941D9384AB}"
EndProject
Project("{F2A71F9B-5D33-465A-A702-920D77279786}") = "erode", "samples\erode\erode.fsproj", "{A43006BA-1753-42DE-84DE-3E9375F7DA83}"
EndProject
Project("{F2A71F9B-5D33-465A-A702-920D77279786}") = "finiteDiff3D", "samples\finiteDiff3D\finiteDiff3D.fsproj", "{37D78E06-2337-4039-A308-EB708F45C3E8}"
EndProject
Project("{F2A71F9B-5D33-465A-A702-920D77279786}") = "histogram", "samples\histogram\histogram.fsproj", "{937F147E-E5DC-4E6C-8FDF-5946A3354339}"
EndProject
Project("{F2A71F9B-5D33-465A-A702-920D77279786}") = "histogramShared", "samples\histogramShared\histogramShared.fsproj", "{F6686A74-7E7F-4EDD-872B-3E97D03AF0F8}"
EndProject
Project("{F2A71F9B-5D33-465A-A702-920D77279786}") = "multiplyConstant", "samples\multiplyConstant\multiplyConstant.fsproj", "{6453F58E-9814-43D0-8D9C-713CFF5D7B2B}"
EndProject
Project("{F2A71F9B-5D33-465A-A702-920D77279786}") = "multiplyMask", "samples\multiplyMask\multiplyMask.fsproj", "{2FDB766A-2EB9-4F4E-AA9E-FAA8B2267659}"
EndProject
Project("{F2A71F9B-5D33-465A-A702-920D77279786}") = "normalize", "samples\normalize\normalize.fsproj", "{2AF98D83-5C2A-4D61-9F34-604A8062FFA8}"
EndProject
Project("{F2A71F9B-5D33-465A-A702-920D77279786}") = "random", "samples\random\random.fsproj", "{AE830175-5CA2-406A-B9B3-DF89BBF9E2FC}"
EndProject
Project("{F2A71F9B-5D33-465A-A702-920D77279786}") = "sharedImbalancedStreamer", "samples\sharedImbalancedStreamer\sharedImbalancedStreamer.fsproj", "{35CDE4DF-7BA2-408D-AD14-41C8BC96E0F4}"
EndProject
Project("{F2A71F9B-5D33-465A-A702-920D77279786}") = "sharedStreamer", "samples\sharedStreamer\sharedStreamer.fsproj", "{B10BC613-DB29-42AC-97F1-A75185BC0B08}"
EndProject
Project("{F2A71F9B-5D33-465A-A702-920D77279786}") = "showImage", "samples\showImage\showImage.fsproj", "{2C4F252C-CC44-4429-A415-35B6355C1836}"
EndProject
Project("{F2A71F9B-5D33-465A-A702-920D77279786}") = "threshold", "samples\threshold\threshold.fsproj", "{EB993E27-C96C-4630-816A-FC6BBCCC27B8}"
EndProject
Project("{F2A71F9B-5D33-465A-A702-920D77279786}") = "transition", "samples\transition\transition.fsproj", "{533F9256-056F-47D4-B0CD-215CA0E8AD8F}"
EndProject
Global
	GlobalSection(SolutionConfigurationPlatforms) = preSolution
		Debug|Any CPU = Debug|Any CPU
		Debug|x64 = Debug|x64
		Debug|x86 = Debug|x86
		Release|Any CPU = Release|Any CPU
		Release|x64 = Release|x64
		Release|x86 = Release|x86
	EndGlobalSection
	GlobalSection(ProjectConfigurationPlatforms) = postSolution
		{43D9B3E1-7860-490A-A89A-062E2BF4563F}.Debug|Any CPU.ActiveCfg = Debug|Any CPU
		{43D9B3E1-7860-490A-A89A-062E2BF4563F}.Debug|Any CPU.Build.0 = Debug|Any CPU
		{43D9B3E1-7860-490A-A89A-062E2BF4563F}.Debug|x64.ActiveCfg = Debug|Any CPU
		{43D9B3E1-7860-490A-A89A-062E2BF4563F}.Debug|x64.Build.0 = Debug|Any CPU
		{43D9B3E1-7860-490A-A89A-062E2BF4563F}.Debug|x86.ActiveCfg = Debug|Any CPU
		{43D9B3E1-7860-490A-A89A-062E2BF4563F}.Debug|x86.Build.0 = Debug|Any CPU
		{43D9B3E1-7860-490A-A89A-062E2BF4563F}.Release|Any CPU.ActiveCfg = Release|Any CPU
		{43D9B3E1-7860-490A-A89A-062E2BF4563F}.Release|Any CPU.Build.0 = Release|Any CPU
		{43D9B3E1-7860-490A-A89A-062E2BF4563F}.Release|x64.ActiveCfg = Release|Any CPU
		{43D9B3E1-7860-490A-A89A-062E2BF4563F}.Release|x64.Build.0 = Release|Any CPU
		{43D9B3E1-7860-490A-A89A-062E2BF4563F}.Release|x86.ActiveCfg = Release|Any CPU
		{43D9B3E1-7860-490A-A89A-062E2BF4563F}.Release|x86.Build.0 = Release|Any CPU
		{EB968C83-E693-42EB-B0FD-8153DDAF8C41}.Debug|Any CPU.ActiveCfg = Debug|Any CPU
		{EB968C83-E693-42EB-B0FD-8153DDAF8C41}.Debug|Any CPU.Build.0 = Debug|Any CPU
		{EB968C83-E693-42EB-B0FD-8153DDAF8C41}.Debug|x64.ActiveCfg = Debug|Any CPU
		{EB968C83-E693-42EB-B0FD-8153DDAF8C41}.Debug|x64.Build.0 = Debug|Any CPU
		{EB968C83-E693-42EB-B0FD-8153DDAF8C41}.Debug|x86.ActiveCfg = Debug|Any CPU
		{EB968C83-E693-42EB-B0FD-8153DDAF8C41}.Debug|x86.Build.0 = Debug|Any CPU
		{EB968C83-E693-42EB-B0FD-8153DDAF8C41}.Release|Any CPU.ActiveCfg = Release|Any CPU
		{EB968C83-E693-42EB-B0FD-8153DDAF8C41}.Release|Any CPU.Build.0 = Release|Any CPU
		{EB968C83-E693-42EB-B0FD-8153DDAF8C41}.Release|x64.ActiveCfg = Release|Any CPU
		{EB968C83-E693-42EB-B0FD-8153DDAF8C41}.Release|x64.Build.0 = Release|Any CPU
		{EB968C83-E693-42EB-B0FD-8153DDAF8C41}.Release|x86.ActiveCfg = Release|Any CPU
		{EB968C83-E693-42EB-B0FD-8153DDAF8C41}.Release|x86.Build.0 = Release|Any CPU
		{AE02BE89-7EFB-4D49-A7A3-66F3A88CCEAA}.Debug|Any CPU.ActiveCfg = Debug|Any CPU
		{AE02BE89-7EFB-4D49-A7A3-66F3A88CCEAA}.Debug|Any CPU.Build.0 = Debug|Any CPU
		{AE02BE89-7EFB-4D49-A7A3-66F3A88CCEAA}.Debug|x64.ActiveCfg = Debug|Any CPU
		{AE02BE89-7EFB-4D49-A7A3-66F3A88CCEAA}.Debug|x64.Build.0 = Debug|Any CPU
		{AE02BE89-7EFB-4D49-A7A3-66F3A88CCEAA}.Debug|x86.ActiveCfg = Debug|Any CPU
		{AE02BE89-7EFB-4D49-A7A3-66F3A88CCEAA}.Debug|x86.Build.0 = Debug|Any CPU
		{AE02BE89-7EFB-4D49-A7A3-66F3A88CCEAA}.Release|Any CPU.ActiveCfg = Release|Any CPU
		{AE02BE89-7EFB-4D49-A7A3-66F3A88CCEAA}.Release|Any CPU.Build.0 = Release|Any CPU
		{AE02BE89-7EFB-4D49-A7A3-66F3A88CCEAA}.Release|x64.ActiveCfg = Release|Any CPU
		{AE02BE89-7EFB-4D49-A7A3-66F3A88CCEAA}.Release|x64.Build.0 = Release|Any CPU
		{AE02BE89-7EFB-4D49-A7A3-66F3A88CCEAA}.Release|x86.ActiveCfg = Release|Any CPU
		{AE02BE89-7EFB-4D49-A7A3-66F3A88CCEAA}.Release|x86.Build.0 = Release|Any CPU
		{FAA087C5-AB15-4B68-8005-AFB237B15633}.Debug|Any CPU.ActiveCfg = Debug|Any CPU
		{FAA087C5-AB15-4B68-8005-AFB237B15633}.Debug|Any CPU.Build.0 = Debug|Any CPU
		{FAA087C5-AB15-4B68-8005-AFB237B15633}.Debug|x64.ActiveCfg = Debug|Any CPU
		{FAA087C5-AB15-4B68-8005-AFB237B15633}.Debug|x64.Build.0 = Debug|Any CPU
		{FAA087C5-AB15-4B68-8005-AFB237B15633}.Debug|x86.ActiveCfg = Debug|Any CPU
		{FAA087C5-AB15-4B68-8005-AFB237B15633}.Debug|x86.Build.0 = Debug|Any CPU
		{FAA087C5-AB15-4B68-8005-AFB237B15633}.Release|Any CPU.ActiveCfg = Release|Any CPU
		{FAA087C5-AB15-4B68-8005-AFB237B15633}.Release|Any CPU.Build.0 = Release|Any CPU
		{FAA087C5-AB15-4B68-8005-AFB237B15633}.Release|x64.ActiveCfg = Release|Any CPU
		{FAA087C5-AB15-4B68-8005-AFB237B15633}.Release|x64.Build.0 = Release|Any CPU
		{FAA087C5-AB15-4B68-8005-AFB237B15633}.Release|x86.ActiveCfg = Release|Any CPU
		{FAA087C5-AB15-4B68-8005-AFB237B15633}.Release|x86.Build.0 = Release|Any CPU
		{73768C59-FB29-4A46-A6B6-F74510C8195E}.Debug|Any CPU.ActiveCfg = Debug|Any CPU
		{73768C59-FB29-4A46-A6B6-F74510C8195E}.Debug|Any CPU.Build.0 = Debug|Any CPU
		{73768C59-FB29-4A46-A6B6-F74510C8195E}.Debug|x64.ActiveCfg = Debug|Any CPU
		{73768C59-FB29-4A46-A6B6-F74510C8195E}.Debug|x64.Build.0 = Debug|Any CPU
		{73768C59-FB29-4A46-A6B6-F74510C8195E}.Debug|x86.ActiveCfg = Debug|Any CPU
		{73768C59-FB29-4A46-A6B6-F74510C8195E}.Debug|x86.Build.0 = Debug|Any CPU
		{73768C59-FB29-4A46-A6B6-F74510C8195E}.Release|Any CPU.ActiveCfg = Release|Any CPU
		{73768C59-FB29-4A46-A6B6-F74510C8195E}.Release|Any CPU.Build.0 = Release|Any CPU
		{73768C59-FB29-4A46-A6B6-F74510C8195E}.Release|x64.ActiveCfg = Release|Any CPU
		{73768C59-FB29-4A46-A6B6-F74510C8195E}.Release|x64.Build.0 = Release|Any CPU
		{73768C59-FB29-4A46-A6B6-F74510C8195E}.Release|x86.ActiveCfg = Release|Any CPU
		{73768C59-FB29-4A46-A6B6-F74510C8195E}.Release|x86.Build.0 = Release|Any CPU
		{6D1C3E39-1080-440F-946D-38335D4D37EF}.Debug|Any CPU.ActiveCfg = Debug|Any CPU
		{6D1C3E39-1080-440F-946D-38335D4D37EF}.Debug|Any CPU.Build.0 = Debug|Any CPU
		{6D1C3E39-1080-440F-946D-38335D4D37EF}.Debug|x64.ActiveCfg = Debug|Any CPU
		{6D1C3E39-1080-440F-946D-38335D4D37EF}.Debug|x64.Build.0 = Debug|Any CPU
		{6D1C3E39-1080-440F-946D-38335D4D37EF}.Debug|x86.ActiveCfg = Debug|Any CPU
		{6D1C3E39-1080-440F-946D-38335D4D37EF}.Debug|x86.Build.0 = Debug|Any CPU
		{6D1C3E39-1080-440F-946D-38335D4D37EF}.Release|Any CPU.ActiveCfg = Release|Any CPU
		{6D1C3E39-1080-440F-946D-38335D4D37EF}.Release|Any CPU.Build.0 = Release|Any CPU
		{6D1C3E39-1080-440F-946D-38335D4D37EF}.Release|x64.ActiveCfg = Release|Any CPU
		{6D1C3E39-1080-440F-946D-38335D4D37EF}.Release|x64.Build.0 = Release|Any CPU
		{6D1C3E39-1080-440F-946D-38335D4D37EF}.Release|x86.ActiveCfg = Release|Any CPU
		{6D1C3E39-1080-440F-946D-38335D4D37EF}.Release|x86.Build.0 = Release|Any CPU
		{35890A85-5338-483A-B6A9-0DC23300CAF0}.Debug|Any CPU.ActiveCfg = Debug|Any CPU
		{35890A85-5338-483A-B6A9-0DC23300CAF0}.Debug|Any CPU.Build.0 = Debug|Any CPU
		{35890A85-5338-483A-B6A9-0DC23300CAF0}.Debug|x64.ActiveCfg = Debug|Any CPU
		{35890A85-5338-483A-B6A9-0DC23300CAF0}.Debug|x64.Build.0 = Debug|Any CPU
		{35890A85-5338-483A-B6A9-0DC23300CAF0}.Debug|x86.ActiveCfg = Debug|Any CPU
		{35890A85-5338-483A-B6A9-0DC23300CAF0}.Debug|x86.Build.0 = Debug|Any CPU
		{35890A85-5338-483A-B6A9-0DC23300CAF0}.Release|Any CPU.ActiveCfg = Release|Any CPU
		{35890A85-5338-483A-B6A9-0DC23300CAF0}.Release|Any CPU.Build.0 = Release|Any CPU
		{35890A85-5338-483A-B6A9-0DC23300CAF0}.Release|x64.ActiveCfg = Release|Any CPU
		{35890A85-5338-483A-B6A9-0DC23300CAF0}.Release|x64.Build.0 = Release|Any CPU
		{35890A85-5338-483A-B6A9-0DC23300CAF0}.Release|x86.ActiveCfg = Release|Any CPU
		{35890A85-5338-483A-B6A9-0DC23300CAF0}.Release|x86.Build.0 = Release|Any CPU
		{05524870-1922-44EF-9939-425CFF7FE662}.Debug|Any CPU.ActiveCfg = Debug|Any CPU
		{05524870-1922-44EF-9939-425CFF7FE662}.Debug|Any CPU.Build.0 = Debug|Any CPU
		{05524870-1922-44EF-9939-425CFF7FE662}.Debug|x64.ActiveCfg = Debug|Any CPU
		{05524870-1922-44EF-9939-425CFF7FE662}.Debug|x64.Build.0 = Debug|Any CPU
		{05524870-1922-44EF-9939-425CFF7FE662}.Debug|x86.ActiveCfg = Debug|Any CPU
		{05524870-1922-44EF-9939-425CFF7FE662}.Debug|x86.Build.0 = Debug|Any CPU
		{05524870-1922-44EF-9939-425CFF7FE662}.Release|Any CPU.ActiveCfg = Release|Any CPU
		{05524870-1922-44EF-9939-425CFF7FE662}.Release|Any CPU.Build.0 = Release|Any CPU
		{05524870-1922-44EF-9939-425CFF7FE662}.Release|x64.ActiveCfg = Release|Any CPU
		{05524870-1922-44EF-9939-425CFF7FE662}.Release|x64.Build.0 = Release|Any CPU
		{05524870-1922-44EF-9939-425CFF7FE662}.Release|x86.ActiveCfg = Release|Any CPU
		{05524870-1922-44EF-9939-425CFF7FE662}.Release|x86.Build.0 = Release|Any CPU
		{074B391C-6AFC-4DDE-9352-3F44302F2552}.Debug|Any CPU.ActiveCfg = Debug|Any CPU
		{074B391C-6AFC-4DDE-9352-3F44302F2552}.Debug|Any CPU.Build.0 = Debug|Any CPU
		{074B391C-6AFC-4DDE-9352-3F44302F2552}.Debug|x64.ActiveCfg = Debug|Any CPU
		{074B391C-6AFC-4DDE-9352-3F44302F2552}.Debug|x64.Build.0 = Debug|Any CPU
		{074B391C-6AFC-4DDE-9352-3F44302F2552}.Debug|x86.ActiveCfg = Debug|Any CPU
		{074B391C-6AFC-4DDE-9352-3F44302F2552}.Debug|x86.Build.0 = Debug|Any CPU
		{074B391C-6AFC-4DDE-9352-3F44302F2552}.Release|Any CPU.ActiveCfg = Release|Any CPU
		{074B391C-6AFC-4DDE-9352-3F44302F2552}.Release|Any CPU.Build.0 = Release|Any CPU
		{074B391C-6AFC-4DDE-9352-3F44302F2552}.Release|x64.ActiveCfg = Release|Any CPU
		{074B391C-6AFC-4DDE-9352-3F44302F2552}.Release|x64.Build.0 = Release|Any CPU
		{074B391C-6AFC-4DDE-9352-3F44302F2552}.Release|x86.ActiveCfg = Release|Any CPU
		{074B391C-6AFC-4DDE-9352-3F44302F2552}.Release|x86.Build.0 = Release|Any CPU
		{AC6517AD-1C02-4C18-8CA0-FDE3E31A402D}.Debug|Any CPU.ActiveCfg = Debug|Any CPU
		{AC6517AD-1C02-4C18-8CA0-FDE3E31A402D}.Debug|Any CPU.Build.0 = Debug|Any CPU
		{AC6517AD-1C02-4C18-8CA0-FDE3E31A402D}.Debug|x64.ActiveCfg = Debug|Any CPU
		{AC6517AD-1C02-4C18-8CA0-FDE3E31A402D}.Debug|x64.Build.0 = Debug|Any CPU
		{AC6517AD-1C02-4C18-8CA0-FDE3E31A402D}.Debug|x86.ActiveCfg = Debug|Any CPU
		{AC6517AD-1C02-4C18-8CA0-FDE3E31A402D}.Debug|x86.Build.0 = Debug|Any CPU
		{AC6517AD-1C02-4C18-8CA0-FDE3E31A402D}.Release|Any CPU.ActiveCfg = Release|Any CPU
		{AC6517AD-1C02-4C18-8CA0-FDE3E31A402D}.Release|Any CPU.Build.0 = Release|Any CPU
		{AC6517AD-1C02-4C18-8CA0-FDE3E31A402D}.Release|x64.ActiveCfg = Release|Any CPU
		{AC6517AD-1C02-4C18-8CA0-FDE3E31A402D}.Release|x64.Build.0 = Release|Any CPU
		{AC6517AD-1C02-4C18-8CA0-FDE3E31A402D}.Release|x86.ActiveCfg = Release|Any CPU
		{AC6517AD-1C02-4C18-8CA0-FDE3E31A402D}.Release|x86.Build.0 = Release|Any CPU
		{DDDD1199-1507-4D06-AA1D-02633ED57487}.Debug|Any CPU.ActiveCfg = Debug|Any CPU
		{DDDD1199-1507-4D06-AA1D-02633ED57487}.Debug|Any CPU.Build.0 = Debug|Any CPU
		{DDDD1199-1507-4D06-AA1D-02633ED57487}.Debug|x64.ActiveCfg = Debug|Any CPU
		{DDDD1199-1507-4D06-AA1D-02633ED57487}.Debug|x64.Build.0 = Debug|Any CPU
		{DDDD1199-1507-4D06-AA1D-02633ED57487}.Debug|x86.ActiveCfg = Debug|Any CPU
		{DDDD1199-1507-4D06-AA1D-02633ED57487}.Debug|x86.Build.0 = Debug|Any CPU
		{DDDD1199-1507-4D06-AA1D-02633ED57487}.Release|Any CPU.ActiveCfg = Release|Any CPU
		{DDDD1199-1507-4D06-AA1D-02633ED57487}.Release|Any CPU.Build.0 = Release|Any CPU
		{DDDD1199-1507-4D06-AA1D-02633ED57487}.Release|x64.ActiveCfg = Release|Any CPU
		{DDDD1199-1507-4D06-AA1D-02633ED57487}.Release|x64.Build.0 = Release|Any CPU
		{DDDD1199-1507-4D06-AA1D-02633ED57487}.Release|x86.ActiveCfg = Release|Any CPU
		{DDDD1199-1507-4D06-AA1D-02633ED57487}.Release|x86.Build.0 = Release|Any CPU
		{1D428309-66ED-41BF-AF1D-0316B7419113}.Debug|Any CPU.ActiveCfg = Debug|Any CPU
		{1D428309-66ED-41BF-AF1D-0316B7419113}.Debug|Any CPU.Build.0 = Debug|Any CPU
		{1D428309-66ED-41BF-AF1D-0316B7419113}.Debug|x64.ActiveCfg = Debug|Any CPU
		{1D428309-66ED-41BF-AF1D-0316B7419113}.Debug|x64.Build.0 = Debug|Any CPU
		{1D428309-66ED-41BF-AF1D-0316B7419113}.Debug|x86.ActiveCfg = Debug|Any CPU
		{1D428309-66ED-41BF-AF1D-0316B7419113}.Debug|x86.Build.0 = Debug|Any CPU
		{1D428309-66ED-41BF-AF1D-0316B7419113}.Release|Any CPU.ActiveCfg = Release|Any CPU
		{1D428309-66ED-41BF-AF1D-0316B7419113}.Release|Any CPU.Build.0 = Release|Any CPU
		{1D428309-66ED-41BF-AF1D-0316B7419113}.Release|x64.ActiveCfg = Release|Any CPU
		{1D428309-66ED-41BF-AF1D-0316B7419113}.Release|x64.Build.0 = Release|Any CPU
		{1D428309-66ED-41BF-AF1D-0316B7419113}.Release|x86.ActiveCfg = Release|Any CPU
		{1D428309-66ED-41BF-AF1D-0316B7419113}.Release|x86.Build.0 = Release|Any CPU
		{34027F2F-7EDF-4171-84A9-2A941D9384AB}.Debug|Any CPU.ActiveCfg = Debug|Any CPU
		{34027F2F-7EDF-4171-84A9-2A941D9384AB}.Debug|Any CPU.Build.0 = Debug|Any CPU
		{34027F2F-7EDF-4171-84A9-2A941D9384AB}.Debug|x64.ActiveCfg = Debug|Any CPU
		{34027F2F-7EDF-4171-84A9-2A941D9384AB}.Debug|x64.Build.0 = Debug|Any CPU
		{34027F2F-7EDF-4171-84A9-2A941D9384AB}.Debug|x86.ActiveCfg = Debug|Any CPU
		{34027F2F-7EDF-4171-84A9-2A941D9384AB}.Debug|x86.Build.0 = Debug|Any CPU
		{34027F2F-7EDF-4171-84A9-2A941D9384AB}.Release|Any CPU.ActiveCfg = Release|Any CPU
		{34027F2F-7EDF-4171-84A9-2A941D9384AB}.Release|Any CPU.Build.0 = Release|Any CPU
		{34027F2F-7EDF-4171-84A9-2A941D9384AB}.Release|x64.ActiveCfg = Release|Any CPU
		{34027F2F-7EDF-4171-84A9-2A941D9384AB}.Release|x64.Build.0 = Release|Any CPU
		{34027F2F-7EDF-4171-84A9-2A941D9384AB}.Release|x86.ActiveCfg = Release|Any CPU
		{34027F2F-7EDF-4171-84A9-2A941D9384AB}.Release|x86.Build.0 = Release|Any CPU
		{A43006BA-1753-42DE-84DE-3E9375F7DA83}.Debug|Any CPU.ActiveCfg = Debug|Any CPU
		{A43006BA-1753-42DE-84DE-3E9375F7DA83}.Debug|Any CPU.Build.0 = Debug|Any CPU
		{A43006BA-1753-42DE-84DE-3E9375F7DA83}.Debug|x64.ActiveCfg = Debug|Any CPU
		{A43006BA-1753-42DE-84DE-3E9375F7DA83}.Debug|x64.Build.0 = Debug|Any CPU
		{A43006BA-1753-42DE-84DE-3E9375F7DA83}.Debug|x86.ActiveCfg = Debug|Any CPU
		{A43006BA-1753-42DE-84DE-3E9375F7DA83}.Debug|x86.Build.0 = Debug|Any CPU
		{A43006BA-1753-42DE-84DE-3E9375F7DA83}.Release|Any CPU.ActiveCfg = Release|Any CPU
		{A43006BA-1753-42DE-84DE-3E9375F7DA83}.Release|Any CPU.Build.0 = Release|Any CPU
		{A43006BA-1753-42DE-84DE-3E9375F7DA83}.Release|x64.ActiveCfg = Release|Any CPU
		{A43006BA-1753-42DE-84DE-3E9375F7DA83}.Release|x64.Build.0 = Release|Any CPU
		{A43006BA-1753-42DE-84DE-3E9375F7DA83}.Release|x86.ActiveCfg = Release|Any CPU
		{A43006BA-1753-42DE-84DE-3E9375F7DA83}.Release|x86.Build.0 = Release|Any CPU
		{37D78E06-2337-4039-A308-EB708F45C3E8}.Debug|Any CPU.ActiveCfg = Debug|Any CPU
		{37D78E06-2337-4039-A308-EB708F45C3E8}.Debug|Any CPU.Build.0 = Debug|Any CPU
		{37D78E06-2337-4039-A308-EB708F45C3E8}.Debug|x64.ActiveCfg = Debug|Any CPU
		{37D78E06-2337-4039-A308-EB708F45C3E8}.Debug|x64.Build.0 = Debug|Any CPU
		{37D78E06-2337-4039-A308-EB708F45C3E8}.Debug|x86.ActiveCfg = Debug|Any CPU
		{37D78E06-2337-4039-A308-EB708F45C3E8}.Debug|x86.Build.0 = Debug|Any CPU
		{37D78E06-2337-4039-A308-EB708F45C3E8}.Release|Any CPU.ActiveCfg = Release|Any CPU
		{37D78E06-2337-4039-A308-EB708F45C3E8}.Release|Any CPU.Build.0 = Release|Any CPU
		{37D78E06-2337-4039-A308-EB708F45C3E8}.Release|x64.ActiveCfg = Release|Any CPU
		{37D78E06-2337-4039-A308-EB708F45C3E8}.Release|x64.Build.0 = Release|Any CPU
		{37D78E06-2337-4039-A308-EB708F45C3E8}.Release|x86.ActiveCfg = Release|Any CPU
		{37D78E06-2337-4039-A308-EB708F45C3E8}.Release|x86.Build.0 = Release|Any CPU
		{937F147E-E5DC-4E6C-8FDF-5946A3354339}.Debug|Any CPU.ActiveCfg = Debug|Any CPU
		{937F147E-E5DC-4E6C-8FDF-5946A3354339}.Debug|Any CPU.Build.0 = Debug|Any CPU
		{937F147E-E5DC-4E6C-8FDF-5946A3354339}.Debug|x64.ActiveCfg = Debug|Any CPU
		{937F147E-E5DC-4E6C-8FDF-5946A3354339}.Debug|x64.Build.0 = Debug|Any CPU
		{937F147E-E5DC-4E6C-8FDF-5946A3354339}.Debug|x86.ActiveCfg = Debug|Any CPU
		{937F147E-E5DC-4E6C-8FDF-5946A3354339}.Debug|x86.Build.0 = Debug|Any CPU
		{937F147E-E5DC-4E6C-8FDF-5946A3354339}.Release|Any CPU.ActiveCfg = Release|Any CPU
		{937F147E-E5DC-4E6C-8FDF-5946A3354339}.Release|Any CPU.Build.0 = Release|Any CPU
		{937F147E-E5DC-4E6C-8FDF-5946A3354339}.Release|x64.ActiveCfg = Release|Any CPU
		{937F147E-E5DC-4E6C-8FDF-5946A3354339}.Release|x64.Build.0 = Release|Any CPU
		{937F147E-E5DC-4E6C-8FDF-5946A3354339}.Release|x86.ActiveCfg = Release|Any CPU
		{937F147E-E5DC-4E6C-8FDF-5946A3354339}.Release|x86.Build.0 = Release|Any CPU
		{F6686A74-7E7F-4EDD-872B-3E97D03AF0F8}.Debug|Any CPU.ActiveCfg = Debug|Any CPU
		{F6686A74-7E7F-4EDD-872B-3E97D03AF0F8}.Debug|Any CPU.Build.0 = Debug|Any CPU
		{F6686A74-7E7F-4EDD-872B-3E97D03AF0F8}.Debug|x64.ActiveCfg = Debug|Any CPU
		{F6686A74-7E7F-4EDD-872B-3E97D03AF0F8}.Debug|x64.Build.0 = Debug|Any CPU
		{F6686A74-7E7F-4EDD-872B-3E97D03AF0F8}.Debug|x86.ActiveCfg = Debug|Any CPU
		{F6686A74-7E7F-4EDD-872B-3E97D03AF0F8}.Debug|x86.Build.0 = Debug|Any CPU
		{F6686A74-7E7F-4EDD-872B-3E97D03AF0F8}.Release|Any CPU.ActiveCfg = Release|Any CPU
		{F6686A74-7E7F-4EDD-872B-3E97D03AF0F8}.Release|Any CPU.Build.0 = Release|Any CPU
		{F6686A74-7E7F-4EDD-872B-3E97D03AF0F8}.Release|x64.ActiveCfg = Release|Any CPU
		{F6686A74-7E7F-4EDD-872B-3E97D03AF0F8}.Release|x64.Build.0 = Release|Any CPU
		{F6686A74-7E7F-4EDD-872B-3E97D03AF0F8}.Release|x86.ActiveCfg = Release|Any CPU
		{F6686A74-7E7F-4EDD-872B-3E97D03AF0F8}.Release|x86.Build.0 = Release|Any CPU
		{6453F58E-9814-43D0-8D9C-713CFF5D7B2B}.Debug|Any CPU.ActiveCfg = Debug|Any CPU
		{6453F58E-9814-43D0-8D9C-713CFF5D7B2B}.Debug|Any CPU.Build.0 = Debug|Any CPU
		{6453F58E-9814-43D0-8D9C-713CFF5D7B2B}.Debug|x64.ActiveCfg = Debug|Any CPU
		{6453F58E-9814-43D0-8D9C-713CFF5D7B2B}.Debug|x64.Build.0 = Debug|Any CPU
		{6453F58E-9814-43D0-8D9C-713CFF5D7B2B}.Debug|x86.ActiveCfg = Debug|Any CPU
		{6453F58E-9814-43D0-8D9C-713CFF5D7B2B}.Debug|x86.Build.0 = Debug|Any CPU
		{6453F58E-9814-43D0-8D9C-713CFF5D7B2B}.Release|Any CPU.ActiveCfg = Release|Any CPU
		{6453F58E-9814-43D0-8D9C-713CFF5D7B2B}.Release|Any CPU.Build.0 = Release|Any CPU
		{6453F58E-9814-43D0-8D9C-713CFF5D7B2B}.Release|x64.ActiveCfg = Release|Any CPU
		{6453F58E-9814-43D0-8D9C-713CFF5D7B2B}.Release|x64.Build.0 = Release|Any CPU
		{6453F58E-9814-43D0-8D9C-713CFF5D7B2B}.Release|x86.ActiveCfg = Release|Any CPU
		{6453F58E-9814-43D0-8D9C-713CFF5D7B2B}.Release|x86.Build.0 = Release|Any CPU
		{2FDB766A-2EB9-4F4E-AA9E-FAA8B2267659}.Debug|Any CPU.ActiveCfg = Debug|Any CPU
		{2FDB766A-2EB9-4F4E-AA9E-FAA8B2267659}.Debug|Any CPU.Build.0 = Debug|Any CPU
		{2FDB766A-2EB9-4F4E-AA9E-FAA8B2267659}.Debug|x64.ActiveCfg = Debug|Any CPU
		{2FDB766A-2EB9-4F4E-AA9E-FAA8B2267659}.Debug|x64.Build.0 = Debug|Any CPU
		{2FDB766A-2EB9-4F4E-AA9E-FAA8B2267659}.Debug|x86.ActiveCfg = Debug|Any CPU
		{2FDB766A-2EB9-4F4E-AA9E-FAA8B2267659}.Debug|x86.Build.0 = Debug|Any CPU
		{2FDB766A-2EB9-4F4E-AA9E-FAA8B2267659}.Release|Any CPU.ActiveCfg = Release|Any CPU
		{2FDB766A-2EB9-4F4E-AA9E-FAA8B2267659}.Release|Any CPU.Build.0 = Release|Any CPU
		{2FDB766A-2EB9-4F4E-AA9E-FAA8B2267659}.Release|x64.ActiveCfg = Release|Any CPU
		{2FDB766A-2EB9-4F4E-AA9E-FAA8B2267659}.Release|x64.Build.0 = Release|Any CPU
		{2FDB766A-2EB9-4F4E-AA9E-FAA8B2267659}.Release|x86.ActiveCfg = Release|Any CPU
		{2FDB766A-2EB9-4F4E-AA9E-FAA8B2267659}.Release|x86.Build.0 = Release|Any CPU
		{2AF98D83-5C2A-4D61-9F34-604A8062FFA8}.Debug|Any CPU.ActiveCfg = Debug|Any CPU
		{2AF98D83-5C2A-4D61-9F34-604A8062FFA8}.Debug|Any CPU.Build.0 = Debug|Any CPU
		{2AF98D83-5C2A-4D61-9F34-604A8062FFA8}.Debug|x64.ActiveCfg = Debug|Any CPU
		{2AF98D83-5C2A-4D61-9F34-604A8062FFA8}.Debug|x64.Build.0 = Debug|Any CPU
		{2AF98D83-5C2A-4D61-9F34-604A8062FFA8}.Debug|x86.ActiveCfg = Debug|Any CPU
		{2AF98D83-5C2A-4D61-9F34-604A8062FFA8}.Debug|x86.Build.0 = Debug|Any CPU
		{2AF98D83-5C2A-4D61-9F34-604A8062FFA8}.Release|Any CPU.ActiveCfg = Release|Any CPU
		{2AF98D83-5C2A-4D61-9F34-604A8062FFA8}.Release|Any CPU.Build.0 = Release|Any CPU
		{2AF98D83-5C2A-4D61-9F34-604A8062FFA8}.Release|x64.ActiveCfg = Release|Any CPU
		{2AF98D83-5C2A-4D61-9F34-604A8062FFA8}.Release|x64.Build.0 = Release|Any CPU
		{2AF98D83-5C2A-4D61-9F34-604A8062FFA8}.Release|x86.ActiveCfg = Release|Any CPU
		{2AF98D83-5C2A-4D61-9F34-604A8062FFA8}.Release|x86.Build.0 = Release|Any CPU
		{AE830175-5CA2-406A-B9B3-DF89BBF9E2FC}.Debug|Any CPU.ActiveCfg = Debug|Any CPU
		{AE830175-5CA2-406A-B9B3-DF89BBF9E2FC}.Debug|Any CPU.Build.0 = Debug|Any CPU
		{AE830175-5CA2-406A-B9B3-DF89BBF9E2FC}.Debug|x64.ActiveCfg = Debug|Any CPU
		{AE830175-5CA2-406A-B9B3-DF89BBF9E2FC}.Debug|x64.Build.0 = Debug|Any CPU
		{AE830175-5CA2-406A-B9B3-DF89BBF9E2FC}.Debug|x86.ActiveCfg = Debug|Any CPU
		{AE830175-5CA2-406A-B9B3-DF89BBF9E2FC}.Debug|x86.Build.0 = Debug|Any CPU
		{AE830175-5CA2-406A-B9B3-DF89BBF9E2FC}.Release|Any CPU.ActiveCfg = Release|Any CPU
		{AE830175-5CA2-406A-B9B3-DF89BBF9E2FC}.Release|Any CPU.Build.0 = Release|Any CPU
		{AE830175-5CA2-406A-B9B3-DF89BBF9E2FC}.Release|x64.ActiveCfg = Release|Any CPU
		{AE830175-5CA2-406A-B9B3-DF89BBF9E2FC}.Release|x64.Build.0 = Release|Any CPU
		{AE830175-5CA2-406A-B9B3-DF89BBF9E2FC}.Release|x86.ActiveCfg = Release|Any CPU
		{AE830175-5CA2-406A-B9B3-DF89BBF9E2FC}.Release|x86.Build.0 = Release|Any CPU
		{35CDE4DF-7BA2-408D-AD14-41C8BC96E0F4}.Debug|Any CPU.ActiveCfg = Debug|Any CPU
		{35CDE4DF-7BA2-408D-AD14-41C8BC96E0F4}.Debug|Any CPU.Build.0 = Debug|Any CPU
		{35CDE4DF-7BA2-408D-AD14-41C8BC96E0F4}.Debug|x64.ActiveCfg = Debug|Any CPU
		{35CDE4DF-7BA2-408D-AD14-41C8BC96E0F4}.Debug|x64.Build.0 = Debug|Any CPU
		{35CDE4DF-7BA2-408D-AD14-41C8BC96E0F4}.Debug|x86.ActiveCfg = Debug|Any CPU
		{35CDE4DF-7BA2-408D-AD14-41C8BC96E0F4}.Debug|x86.Build.0 = Debug|Any CPU
		{35CDE4DF-7BA2-408D-AD14-41C8BC96E0F4}.Release|Any CPU.ActiveCfg = Release|Any CPU
		{35CDE4DF-7BA2-408D-AD14-41C8BC96E0F4}.Release|Any CPU.Build.0 = Release|Any CPU
		{35CDE4DF-7BA2-408D-AD14-41C8BC96E0F4}.Release|x64.ActiveCfg = Release|Any CPU
		{35CDE4DF-7BA2-408D-AD14-41C8BC96E0F4}.Release|x64.Build.0 = Release|Any CPU
		{35CDE4DF-7BA2-408D-AD14-41C8BC96E0F4}.Release|x86.ActiveCfg = Release|Any CPU
		{35CDE4DF-7BA2-408D-AD14-41C8BC96E0F4}.Release|x86.Build.0 = Release|Any CPU
		{B10BC613-DB29-42AC-97F1-A75185BC0B08}.Debug|Any CPU.ActiveCfg = Debug|Any CPU
		{B10BC613-DB29-42AC-97F1-A75185BC0B08}.Debug|Any CPU.Build.0 = Debug|Any CPU
		{B10BC613-DB29-42AC-97F1-A75185BC0B08}.Debug|x64.ActiveCfg = Debug|Any CPU
		{B10BC613-DB29-42AC-97F1-A75185BC0B08}.Debug|x64.Build.0 = Debug|Any CPU
		{B10BC613-DB29-42AC-97F1-A75185BC0B08}.Debug|x86.ActiveCfg = Debug|Any CPU
		{B10BC613-DB29-42AC-97F1-A75185BC0B08}.Debug|x86.Build.0 = Debug|Any CPU
		{B10BC613-DB29-42AC-97F1-A75185BC0B08}.Release|Any CPU.ActiveCfg = Release|Any CPU
		{B10BC613-DB29-42AC-97F1-A75185BC0B08}.Release|Any CPU.Build.0 = Release|Any CPU
		{B10BC613-DB29-42AC-97F1-A75185BC0B08}.Release|x64.ActiveCfg = Release|Any CPU
		{B10BC613-DB29-42AC-97F1-A75185BC0B08}.Release|x64.Build.0 = Release|Any CPU
		{B10BC613-DB29-42AC-97F1-A75185BC0B08}.Release|x86.ActiveCfg = Release|Any CPU
		{B10BC613-DB29-42AC-97F1-A75185BC0B08}.Release|x86.Build.0 = Release|Any CPU
		{2C4F252C-CC44-4429-A415-35B6355C1836}.Debug|Any CPU.ActiveCfg = Debug|Any CPU
		{2C4F252C-CC44-4429-A415-35B6355C1836}.Debug|Any CPU.Build.0 = Debug|Any CPU
		{2C4F252C-CC44-4429-A415-35B6355C1836}.Debug|x64.ActiveCfg = Debug|Any CPU
		{2C4F252C-CC44-4429-A415-35B6355C1836}.Debug|x64.Build.0 = Debug|Any CPU
		{2C4F252C-CC44-4429-A415-35B6355C1836}.Debug|x86.ActiveCfg = Debug|Any CPU
		{2C4F252C-CC44-4429-A415-35B6355C1836}.Debug|x86.Build.0 = Debug|Any CPU
		{2C4F252C-CC44-4429-A415-35B6355C1836}.Release|Any CPU.ActiveCfg = Release|Any CPU
		{2C4F252C-CC44-4429-A415-35B6355C1836}.Release|Any CPU.Build.0 = Release|Any CPU
		{2C4F252C-CC44-4429-A415-35B6355C1836}.Release|x64.ActiveCfg = Release|Any CPU
		{2C4F252C-CC44-4429-A415-35B6355C1836}.Release|x64.Build.0 = Release|Any CPU
		{2C4F252C-CC44-4429-A415-35B6355C1836}.Release|x86.ActiveCfg = Release|Any CPU
		{2C4F252C-CC44-4429-A415-35B6355C1836}.Release|x86.Build.0 = Release|Any CPU
		{EB993E27-C96C-4630-816A-FC6BBCCC27B8}.Debug|Any CPU.ActiveCfg = Debug|Any CPU
		{EB993E27-C96C-4630-816A-FC6BBCCC27B8}.Debug|Any CPU.Build.0 = Debug|Any CPU
		{EB993E27-C96C-4630-816A-FC6BBCCC27B8}.Debug|x64.ActiveCfg = Debug|Any CPU
		{EB993E27-C96C-4630-816A-FC6BBCCC27B8}.Debug|x64.Build.0 = Debug|Any CPU
		{EB993E27-C96C-4630-816A-FC6BBCCC27B8}.Debug|x86.ActiveCfg = Debug|Any CPU
		{EB993E27-C96C-4630-816A-FC6BBCCC27B8}.Debug|x86.Build.0 = Debug|Any CPU
		{EB993E27-C96C-4630-816A-FC6BBCCC27B8}.Release|Any CPU.ActiveCfg = Release|Any CPU
		{EB993E27-C96C-4630-816A-FC6BBCCC27B8}.Release|Any CPU.Build.0 = Release|Any CPU
		{EB993E27-C96C-4630-816A-FC6BBCCC27B8}.Release|x64.ActiveCfg = Release|Any CPU
		{EB993E27-C96C-4630-816A-FC6BBCCC27B8}.Release|x64.Build.0 = Release|Any CPU
		{EB993E27-C96C-4630-816A-FC6BBCCC27B8}.Release|x86.ActiveCfg = Release|Any CPU
		{EB993E27-C96C-4630-816A-FC6BBCCC27B8}.Release|x86.Build.0 = Release|Any CPU
		{533F9256-056F-47D4-B0CD-215CA0E8AD8F}.Debug|Any CPU.ActiveCfg = Debug|Any CPU
		{533F9256-056F-47D4-B0CD-215CA0E8AD8F}.Debug|Any CPU.Build.0 = Debug|Any CPU
		{533F9256-056F-47D4-B0CD-215CA0E8AD8F}.Debug|x64.ActiveCfg = Debug|Any CPU
		{533F9256-056F-47D4-B0CD-215CA0E8AD8F}.Debug|x64.Build.0 = Debug|Any CPU
		{533F9256-056F-47D4-B0CD-215CA0E8AD8F}.Debug|x86.ActiveCfg = Debug|Any CPU
		{533F9256-056F-47D4-B0CD-215CA0E8AD8F}.Debug|x86.Build.0 = Debug|Any CPU
		{533F9256-056F-47D4-B0CD-215CA0E8AD8F}.Release|Any CPU.ActiveCfg = Release|Any CPU
		{533F9256-056F-47D4-B0CD-215CA0E8AD8F}.Release|Any CPU.Build.0 = Release|Any CPU
		{533F9256-056F-47D4-B0CD-215CA0E8AD8F}.Release|x64.ActiveCfg = Release|Any CPU
		{533F9256-056F-47D4-B0CD-215CA0E8AD8F}.Release|x64.Build.0 = Release|Any CPU
		{533F9256-056F-47D4-B0CD-215CA0E8AD8F}.Release|x86.ActiveCfg = Release|Any CPU
		{533F9256-056F-47D4-B0CD-215CA0E8AD8F}.Release|x86.Build.0 = Release|Any CPU
	EndGlobalSection
	GlobalSection(SolutionProperties) = preSolution
		HideSolutionNode = FALSE
	EndGlobalSection
	GlobalSection(NestedProjects) = preSolution
		{43D9B3E1-7860-490A-A89A-062E2BF4563F} = {827E0CD3-B72D-47B6-A68D-7590B98EB39B}
		{EB968C83-E693-42EB-B0FD-8153DDAF8C41} = {827E0CD3-B72D-47B6-A68D-7590B98EB39B}
		{AE02BE89-7EFB-4D49-A7A3-66F3A88CCEAA} = {827E0CD3-B72D-47B6-A68D-7590B98EB39B}
		{FAA087C5-AB15-4B68-8005-AFB237B15633} = {827E0CD3-B72D-47B6-A68D-7590B98EB39B}
		{73768C59-FB29-4A46-A6B6-F74510C8195E} = {827E0CD3-B72D-47B6-A68D-7590B98EB39B}
		{6D1C3E39-1080-440F-946D-38335D4D37EF} = {827E0CD3-B72D-47B6-A68D-7590B98EB39B}
		{35890A85-5338-483A-B6A9-0DC23300CAF0} = {0AB3BF05-4346-4AA6-1389-037BE0695223}
		{05524870-1922-44EF-9939-425CFF7FE662} = {5D20AA90-6969-D8BD-9DCD-8634F4692FDA}
		{074B391C-6AFC-4DDE-9352-3F44302F2552} = {5D20AA90-6969-D8BD-9DCD-8634F4692FDA}
		{AC6517AD-1C02-4C18-8CA0-FDE3E31A402D} = {5D20AA90-6969-D8BD-9DCD-8634F4692FDA}
		{DDDD1199-1507-4D06-AA1D-02633ED57487} = {5D20AA90-6969-D8BD-9DCD-8634F4692FDA}
		{1D428309-66ED-41BF-AF1D-0316B7419113} = {5D20AA90-6969-D8BD-9DCD-8634F4692FDA}
		{34027F2F-7EDF-4171-84A9-2A941D9384AB} = {5D20AA90-6969-D8BD-9DCD-8634F4692FDA}
		{A43006BA-1753-42DE-84DE-3E9375F7DA83} = {5D20AA90-6969-D8BD-9DCD-8634F4692FDA}
		{37D78E06-2337-4039-A308-EB708F45C3E8} = {5D20AA90-6969-D8BD-9DCD-8634F4692FDA}
		{937F147E-E5DC-4E6C-8FDF-5946A3354339} = {5D20AA90-6969-D8BD-9DCD-8634F4692FDA}
		{F6686A74-7E7F-4EDD-872B-3E97D03AF0F8} = {5D20AA90-6969-D8BD-9DCD-8634F4692FDA}
		{6453F58E-9814-43D0-8D9C-713CFF5D7B2B} = {5D20AA90-6969-D8BD-9DCD-8634F4692FDA}
		{2FDB766A-2EB9-4F4E-AA9E-FAA8B2267659} = {5D20AA90-6969-D8BD-9DCD-8634F4692FDA}
		{2AF98D83-5C2A-4D61-9F34-604A8062FFA8} = {5D20AA90-6969-D8BD-9DCD-8634F4692FDA}
		{AE830175-5CA2-406A-B9B3-DF89BBF9E2FC} = {5D20AA90-6969-D8BD-9DCD-8634F4692FDA}
		{35CDE4DF-7BA2-408D-AD14-41C8BC96E0F4} = {5D20AA90-6969-D8BD-9DCD-8634F4692FDA}
		{B10BC613-DB29-42AC-97F1-A75185BC0B08} = {5D20AA90-6969-D8BD-9DCD-8634F4692FDA}
		{2C4F252C-CC44-4429-A415-35B6355C1836} = {5D20AA90-6969-D8BD-9DCD-8634F4692FDA}
		{EB993E27-C96C-4630-816A-FC6BBCCC27B8} = {5D20AA90-6969-D8BD-9DCD-8634F4692FDA}
		{533F9256-056F-47D4-B0CD-215CA0E8AD8F} = {5D20AA90-6969-D8BD-9DCD-8634F4692FDA}
	EndGlobalSection
EndGlobal
